<?xml version="1.0" encoding="utf-8"?>
<Project ToolsVersion="4.0" xmlns="http://schemas.microsoft.com/developer/msbuild/2003">
  <ItemGroup>
    <Filter Include="Source Files">
      <UniqueIdentifier>{4FC737F1-C7A5-4376-A066-2A32D752A2FF}</UniqueIdentifier>
      <Extensions>cpp;c;cc;cxx;c++;cppm;ixx;def;odl;idl;hpj;bat;asm;asmx</Extensions>
    </Filter>
    <Filter Include="Header Files">
      <UniqueIdentifier>{93995380-89BD-4b04-88EB-625FBE52EBFB}</UniqueIdentifier>
      <Extensions>h;hh;hpp;hxx;h++;hm;inl;inc;ipp;xsd</Extensions>
    </Filter>
    <Filter Include="Resource Files">
      <UniqueIdentifier>{67DA6AB6-F800-4c08-8B7A-83BB121AAD01}</UniqueIdentifier>
      <Extensions>rc;ico;cur;bmp;dlg;rc2;rct;bin;rgs;gif;jpg;jpeg;jpe;resx;tiff;tif;png;wav;mfcribbon-ms</Extensions>
    </Filter>
  </ItemGroup>
  <ItemGroup>
    <ClCompile Include="24l2557_q2.cpp">
      <Filter>Source Files</Filter>
    </ClCompile>
    <ClCompile Include="24l2557_q3.cpp">
      <Filter>Source Files</Filter>
    </ClCompile>
    <ClCompile Include="24l2557_q4.cpp">
      <Filter>Source Files</Filter>
    </ClCompile>
    <ClCompile Include="24l2557_q5.cpp">
      <Filter>Source Files</Filter>
    </ClCompile>
    <ClCompile Include="24l2557_q6.cpp">
      <Filter>Source Files</Filter>
    </ClCompile>
    <ClCompile Include="24l2557_q7.cpp">
      <Filter>Source Files</Filter>
    </ClCompile>
    <ClCompile Include="24l2557_q8.cpp">
      <Filter>Source Files</Filter>
    </ClCompile>
    <ClCompile Include="24l2557_q9.cpp">
      <Filter>Source Files</Filter>
    </ClCompile>
    <ClCompile Include="24l2557_q10.cpp">
      <Filter>Source Files</Filter>
    </ClCompile>
    <ClCompile Include="24l2557_.cpp">
      <Filter>Source Files</Filter>
    </ClCompile>
    <ClCompile Include="awg.cpp">
      <Filter>Source Files</Filter>
    </ClCompile>
    <ClCompile Include="smthn.cpp">
      <Filter>Source Files</Filter>
    </ClCompile>
    <ClCompile Include="smthnnew.cpp">
      <Filter>Source Files</Filter>
    </ClCompile>
    <ClCompile Include="oomoney.cpp">
      <Filter>Source Files</Filter>
    </ClCompile>
    <ClCompile Include="gg.cpp">
      <Filter>Source Files</Filter>
    </ClCompile>
    <ClCompile Include="sz.cpp">
      <Filter>Source Files</Filter>
    </ClCompile>
    <ClCompile Include="huh.cpp">
      <Filter>Source Files</Filter>
    </ClCompile>
    <ClCompile Include="funcs.cpp">
      <Filter>Source Files</Filter>
    </ClCompile>
    <ClCompile Include="palindrome.cpp">
      <Filter>Source Files</Filter>
    </ClCompile>
    <ClCompile Include="lc1.cpp">
      <Filter>Source Files</Filter>
    </ClCompile>
    <ClCompile Include="24L_2557_6.cpp">
      <Filter>Source Files</Filter>
    </ClCompile>
    <ClCompile Include="codelikhdeingy.cpp">
      <Filter>Source Files</Filter>
    </ClCompile>
    <ClCompile Include="koisawaltounhi.cpp">
      <Filter>Source Files</Filter>
    </ClCompile>
    <ClCompile Include="5minuteisskodekhlein.cpp">
      <Filter>Source Files</Filter>
    </ClCompile>
    <ClCompile Include="24l2557_7_1.cpp">
      <Filter>Source Files</Filter>
    </ClCompile>
    <ClCompile Include="24l2557_7_2.cpp">
      <Filter>Source Files</Filter>
    </ClCompile>
    <ClCompile Include="dgsh.cpp">
      <Filter>Source Files</Filter>
    </ClCompile>
    <ClCompile Include="schexk.cpp">
      <Filter>Source Files</Filter>
    </ClCompile>
    <ClCompile Include="snake.cpp">
      <Filter>Source Files</Filter>
    </ClCompile>
    <ClCompile Include="snake2.cpp">
      <Filter>Source Files</Filter>
    </ClCompile>
    <ClCompile Include="ok.cpp">
      <Filter>Source Files</Filter>
    </ClCompile>
    <ClCompile Include="ccc.cpp">
      <Filter>Source Files</Filter>
    </ClCompile>
    <ClCompile Include="moo.cpp">
      <Filter>Source Files</Filter>
    </ClCompile>
    <ClCompile Include="sss.cpp">
      <Filter>Source Files</Filter>
    </ClCompile>
  </ItemGroup>
</Project>